Microsoft Visual Studio Solution File, Format Version 12.00
# Visual Studio Version 17
VisualStudioVersion = 17.5.2.0
MinimumVisualStudioVersion = 10.0.40219.1
Project("{FAE04EC0-301F-11D3-BF4B-00C04F79EFBC}") = "selenium-test", "selenium-test.csproj", "{C950B1D7-CE1F-10C2-D666-254CDFF171DF}"
EndProject
Global
	GlobalSection(SolutionConfigurationPlatforms) = preSolution
		Debug|Any CPU = Debug|Any CPU
		Release|Any CPU = Release|Any CPU
	EndGlobalSection
	GlobalSection(ProjectConfigurationPlatforms) = postSolution
		{C950B1D7-CE1F-10C2-D666-254CDFF171DF}.Debug|Any CPU.ActiveCfg = Debug|Any CPU
		{C950B1D7-CE1F-10C2-D666-254CDFF171DF}.Debug|Any CPU.Build.0 = Debug|Any CPU
		{C950B1D7-CE1F-10C2-D666-254CDFF171DF}.Release|Any CPU.ActiveCfg = Release|Any CPU
		{C950B1D7-CE1F-10C2-D666-254CDFF171DF}.Release|Any CPU.Build.0 = Release|Any CPU
	EndGlobalSection
	GlobalSection(SolutionProperties) = preSolution
		HideSolutionNode = FALSE
	EndGlobalSection
	GlobalSection(ExtensibilityGlobals) = postSolution
		SolutionGuid = {35578F26-AAED-433C-941F-9F1EC00C8660}
	EndGlobalSection
EndGlobal
